
Microsoft Visual Studio Solution File, Format Version 12.00
# Visual Studio Version 16
VisualStudioVersion = 16.0.30011.22
MinimumVisualStudioVersion = 10.0.40219.1
Project("{FAE04EC0-301F-11D3-BF4B-00C04F79EFBC}") = "CoffeeMachine.Simulator.UI", "CoffeeMachine.Simulator.UI\CoffeeMachine.Simulator.UI.csproj", "{EBA25586-16CC-434E-94C5-3CCC659B7845}"
EndProject
Project("{9A19103F-16F7-4668-BE54-9A1E7A4F7556}") = "CoffeeMachine.EventHub.Sender", "CoffeeMachine.EventHub.Sender\CoffeeMachine.EventHub.Sender.csproj", "{DCECFE00-123F-4D39-8D45-E7431DF1BF9B}"
EndProject
Project("{FAE04EC0-301F-11D3-BF4B-00C04F79EFBC}") = "CoffeeMachine.EventHub.Receiver.Direct", "CoffeeMachine.EventHub.Receiver.Direct\CoffeeMachine.EventHub.Receiver.Direct.csproj", "{4FDC08B2-F017-4FC5-A26F-1771DF5639B8}"
EndProject
Global
	GlobalSection(SolutionConfigurationPlatforms) = preSolution
		Debug|Any CPU = Debug|Any CPU
		Release|Any CPU = Release|Any CPU
	EndGlobalSection
	GlobalSection(ProjectConfigurationPlatforms) = postSolution
		{EBA25586-16CC-434E-94C5-3CCC659B7845}.Debug|Any CPU.ActiveCfg = Debug|Any CPU
		{EBA25586-16CC-434E-94C5-3CCC659B7845}.Debug|Any CPU.Build.0 = Debug|Any CPU
		{EBA25586-16CC-434E-94C5-3CCC659B7845}.Release|Any CPU.ActiveCfg = Release|Any CPU
		{EBA25586-16CC-434E-94C5-3CCC659B7845}.Release|Any CPU.Build.0 = Release|Any CPU
		{DCECFE00-123F-4D39-8D45-E7431DF1BF9B}.Debug|Any CPU.ActiveCfg = Debug|Any CPU
		{DCECFE00-123F-4D39-8D45-E7431DF1BF9B}.Debug|Any CPU.Build.0 = Debug|Any CPU
		{DCECFE00-123F-4D39-8D45-E7431DF1BF9B}.Release|Any CPU.ActiveCfg = Release|Any CPU
		{DCECFE00-123F-4D39-8D45-E7431DF1BF9B}.Release|Any CPU.Build.0 = Release|Any CPU
		{4FDC08B2-F017-4FC5-A26F-1771DF5639B8}.Debug|Any CPU.ActiveCfg = Debug|Any CPU
		{4FDC08B2-F017-4FC5-A26F-1771DF5639B8}.Debug|Any CPU.Build.0 = Debug|Any CPU
		{4FDC08B2-F017-4FC5-A26F-1771DF5639B8}.Release|Any CPU.ActiveCfg = Release|Any CPU
		{4FDC08B2-F017-4FC5-A26F-1771DF5639B8}.Release|Any CPU.Build.0 = Release|Any CPU
	EndGlobalSection
	GlobalSection(SolutionProperties) = preSolution
		HideSolutionNode = FALSE
	EndGlobalSection
	GlobalSection(ExtensibilityGlobals) = postSolution
		SolutionGuid = {8E632F65-9DC2-47A4-BA38-AF8755CCA800}
	EndGlobalSection
EndGlobal
